
Microsoft Visual Studio Solution File, Format Version 12.00
# Visual Studio Version 17
VisualStudioVersion = 17.5.33627.172
MinimumVisualStudioVersion = 10.0.40219.1
Project("{FAE04EC0-301F-11D3-BF4B-00C04F79EFBC}") = "MyDatingApp", "MyDatingApp\MyDatingApp.csproj", "{9D131167-A5EC-4568-BA9E-973E8A7EBDB7}"
EndProject
Global
	GlobalSection(SolutionConfigurationPlatforms) = preSolution
		Debug|Any CPU = Debug|Any CPU
		Release|Any CPU = Release|Any CPU
	EndGlobalSection
	GlobalSection(ProjectConfigurationPlatforms) = postSolution
		{9D131167-A5EC-4568-BA9E-973E8A7EBDB7}.Debug|Any CPU.ActiveCfg = Debug|Any CPU
		{9D131167-A5EC-4568-BA9E-973E8A7EBDB7}.Debug|Any CPU.Build.0 = Debug|Any CPU
		{9D131167-A5EC-4568-BA9E-973E8A7EBDB7}.Release|Any CPU.ActiveCfg = Release|Any CPU
		{9D131167-A5EC-4568-BA9E-973E8A7EBDB7}.Release|Any CPU.Build.0 = Release|Any CPU
	EndGlobalSection
	GlobalSection(SolutionProperties) = preSolution
		HideSolutionNode = FALSE
	EndGlobalSection
	GlobalSection(ExtensibilityGlobals) = postSolution
		SolutionGuid = {55DEA96B-5309-4319-B58E-477A327B9C43}
	EndGlobalSection
EndGlobal
